[root]
name = "v4l2tcp"
version = "0.1.0"
dependencies = [
 "v4l2-quick 0.1.0",
]

[[package]]
name = "libc"
version = "0.1.10"
source = "registry+https://github.com/rust-lang/crates.io-index"

[[package]]
name = "rscam"
version = "0.5.0"
source = "registry+https://github.com/rust-lang/crates.io-index"
dependencies = [
 "libc 0.1.10 (registry+https://github.com/rust-lang/crates.io-index)",
]

[[package]]
name = "v4l2-quick"
version = "0.1.0"
dependencies = [
 "rscam 0.5.0 (registry+https://github.com/rust-lang/crates.io-index)",
]

